{
  "name": "gerador-de-senhas",
  "version": "1.0.0",
  "lockfileVersion": 2,
  "requires": true,
  "packages": {
    "": {
      "name": "gerador-de-senhas",
      "version": "1.0.0",
      "license": "ISC",
      "dependencies": {
        "nanoid": "^5.1.5"
      }
    },
    "node_modules/nanoid": {
      "version": "5.1.5",
      "resolved": "https://registry.npmjs.org/nanoid/-/nanoid-5.1.5.tgz",
      "integrity": "sha512-Ir/+ZpE9fDsNH0hQ3C68uyThDXzYcim2EqcZ8zn8Chtt1iylPT9xXJB0kPCnqzgcEGikO9RxSrh63MsmVCU7Fw==",
      "funding": [
        {
          "type": "github",
          "url": "https://github.com/sponsors/ai"
        }
      ],
      "bin": {
        "nanoid": "bin/nanoid.js"
      },
      "engines": {
        "node": "^18 || >=20"
      }
    }
  },
  "dependencies": {
    "nanoid": {
      "version": "5.1.5",
      "resolved": "https://registry.npmjs.org/nanoid/-/nanoid-5.1.5.tgz",
      "integrity": "sha512-Ir/+ZpE9fDsNH0hQ3C68uyThDXzYcim2EqcZ8zn8Chtt1iylPT9xXJB0kPCnqzgcEGikO9RxSrh63MsmVCU7Fw=="
    }
  }
}
